
Microsoft Visual Studio Solution File, Format Version 12.00
# Visual Studio Version 17
VisualStudioVersion = 17.0.31903.59
MinimumVisualStudioVersion = 10.0.40219.1
Project("{2150E333-8FDC-42A3-9474-1A3956D46DE8}") = "src", "src", "{7BC67194-D74D-47E3-8F4C-4BB561E16AA6}"
EndProject
Project("{FAE04EC0-301F-11D3-BF4B-00C04F79EFBC}") = "CleanPotal.Api", "src\CleanPotal.Api\CleanPotal.Api.csproj", "{79E35BD4-F334-4033-88BE-FC6BC786D46B}"
EndProject
Project("{FAE04EC0-301F-11D3-BF4B-00C04F79EFBC}") = "CleanPotal.Core", "src\CleanPotal.Core\CleanPotal.Core.csproj", "{8E19EAA4-2F24-443C-A7AD-C9A34A0625ED}"
EndProject
Project("{FAE04EC0-301F-11D3-BF4B-00C04F79EFBC}") = "CleanPotal.Infrastructure", "src\CleanPotal.Infrastructure\CleanPotal.Infrastructure.csproj", "{55E8867D-ABB8-4634-B75B-BCB4271C9F5F}"
EndProject
Project("{2150E333-8FDC-42A3-9474-1A3956D46DE8}") = "tests", "tests", "{3E6B3A21-6C1D-4C7F-9D41-7A2F6B1E4C10}"
EndProject
Project("{FAE04EC0-301F-11D3-BF4B-00C04F79EFBC}") = "CleanPotal.Tests", "tests\CleanPotal.Tests\CleanPotal.Tests.csproj", "{B41C5E72-9A38-4F6B-8D25-1C93E0A7F5D3}"
EndProject
Project("{2150E333-8FDC-42A3-9474-1A3956D46DE8}") = "mes", "mes", "{1A0C7E52-3D64-4B18-9F21-7C5E0A9D3B41}"
EndProject
Project("{FAE04EC0-301F-11D3-BF4B-00C04F79EFBC}") = "ProductionManagement.Domain", "mes\src\ProductionManagement.Domain\ProductionManagement.Domain.csproj", "{2B1D8F63-4E75-4C29-8032-8D6F1BAE4C52}"
EndProject
Project("{FAE04EC0-301F-11D3-BF4B-00C04F79EFBC}") = "ProductionManagement.Application", "mes\src\ProductionManagement.Application\ProductionManagement.Application.csproj", "{3C2E9074-5F86-4D3A-9143-9E702CBF5D63}"
EndProject
Project("{FAE04EC0-301F-11D3-BF4B-00C04F79EFBC}") = "ProductionManagement.Infrastructure", "mes\src\ProductionManagement.Infrastructure\ProductionManagement.Infrastructure.csproj", "{4D3FA185-6097-4E4B-A254-AF813DC06E74}"
EndProject
Global
	GlobalSection(SolutionConfigurationPlatforms) = preSolution
		Debug|Any CPU = Debug|Any CPU
		Release|Any CPU = Release|Any CPU
	EndGlobalSection
	GlobalSection(SolutionProperties) = preSolution
		HideSolutionNode = FALSE
	EndGlobalSection
	GlobalSection(ProjectConfigurationPlatforms) = postSolution
		{79E35BD4-F334-4033-88BE-FC6BC786D46B}.Debug|Any CPU.ActiveCfg = Debug|Any CPU
		{79E35BD4-F334-4033-88BE-FC6BC786D46B}.Debug|Any CPU.Build.0 = Debug|Any CPU
		{79E35BD4-F334-4033-88BE-FC6BC786D46B}.Release|Any CPU.ActiveCfg = Release|Any CPU
		{79E35BD4-F334-4033-88BE-FC6BC786D46B}.Release|Any CPU.Build.0 = Release|Any CPU
		{8E19EAA4-2F24-443C-A7AD-C9A34A0625ED}.Debug|Any CPU.ActiveCfg = Debug|Any CPU
		{8E19EAA4-2F24-443C-A7AD-C9A34A0625ED}.Debug|Any CPU.Build.0 = Debug|Any CPU
		{8E19EAA4-2F24-443C-A7AD-C9A34A0625ED}.Release|Any CPU.ActiveCfg = Release|Any CPU
		{8E19EAA4-2F24-443C-A7AD-C9A34A0625ED}.Release|Any CPU.Build.0 = Release|Any CPU
		{55E8867D-ABB8-4634-B75B-BCB4271C9F5F}.Debug|Any CPU.ActiveCfg = Debug|Any CPU
		{55E8867D-ABB8-4634-B75B-BCB4271C9F5F}.Debug|Any CPU.Build.0 = Debug|Any CPU
		{55E8867D-ABB8-4634-B75B-BCB4271C9F5F}.Release|Any CPU.ActiveCfg = Release|Any CPU
		{55E8867D-ABB8-4634-B75B-BCB4271C9F5F}.Release|Any CPU.Build.0 = Release|Any CPU
		{B41C5E72-9A38-4F6B-8D25-1C93E0A7F5D3}.Debug|Any CPU.ActiveCfg = Debug|Any CPU
		{B41C5E72-9A38-4F6B-8D25-1C93E0A7F5D3}.Debug|Any CPU.Build.0 = Debug|Any CPU
		{B41C5E72-9A38-4F6B-8D25-1C93E0A7F5D3}.Release|Any CPU.ActiveCfg = Release|Any CPU
		{B41C5E72-9A38-4F6B-8D25-1C93E0A7F5D3}.Release|Any CPU.Build.0 = Release|Any CPU
		{2B1D8F63-4E75-4C29-8032-8D6F1BAE4C52}.Debug|Any CPU.ActiveCfg = Debug|Any CPU
		{2B1D8F63-4E75-4C29-8032-8D6F1BAE4C52}.Debug|Any CPU.Build.0 = Debug|Any CPU
		{2B1D8F63-4E75-4C29-8032-8D6F1BAE4C52}.Release|Any CPU.ActiveCfg = Release|Any CPU
		{2B1D8F63-4E75-4C29-8032-8D6F1BAE4C52}.Release|Any CPU.Build.0 = Release|Any CPU
		{3C2E9074-5F86-4D3A-9143-9E702CBF5D63}.Debug|Any CPU.ActiveCfg = Debug|Any CPU
		{3C2E9074-5F86-4D3A-9143-9E702CBF5D63}.Debug|Any CPU.Build.0 = Debug|Any CPU
		{3C2E9074-5F86-4D3A-9143-9E702CBF5D63}.Release|Any CPU.ActiveCfg = Release|Any CPU
		{3C2E9074-5F86-4D3A-9143-9E702CBF5D63}.Release|Any CPU.Build.0 = Release|Any CPU
		{4D3FA185-6097-4E4B-A254-AF813DC06E74}.Debug|Any CPU.ActiveCfg = Debug|Any CPU
		{4D3FA185-6097-4E4B-A254-AF813DC06E74}.Debug|Any CPU.Build.0 = Debug|Any CPU
		{4D3FA185-6097-4E4B-A254-AF813DC06E74}.Release|Any CPU.ActiveCfg = Release|Any CPU
		{4D3FA185-6097-4E4B-A254-AF813DC06E74}.Release|Any CPU.Build.0 = Release|Any CPU
	EndGlobalSection
	GlobalSection(NestedProjects) = preSolution
		{79E35BD4-F334-4033-88BE-FC6BC786D46B} = {7BC67194-D74D-47E3-8F4C-4BB561E16AA6}
		{8E19EAA4-2F24-443C-A7AD-C9A34A0625ED} = {7BC67194-D74D-47E3-8F4C-4BB561E16AA6}
		{55E8867D-ABB8-4634-B75B-BCB4271C9F5F} = {7BC67194-D74D-47E3-8F4C-4BB561E16AA6}
		{B41C5E72-9A38-4F6B-8D25-1C93E0A7F5D3} = {3E6B3A21-6C1D-4C7F-9D41-7A2F6B1E4C10}
		{2B1D8F63-4E75-4C29-8032-8D6F1BAE4C52} = {1A0C7E52-3D64-4B18-9F21-7C5E0A9D3B41}
		{3C2E9074-5F86-4D3A-9143-9E702CBF5D63} = {1A0C7E52-3D64-4B18-9F21-7C5E0A9D3B41}
		{4D3FA185-6097-4E4B-A254-AF813DC06E74} = {1A0C7E52-3D64-4B18-9F21-7C5E0A9D3B41}
	EndGlobalSection
EndGlobal
